
Microsoft Visual Studio Solution File, Format Version 12.00
# Visual Studio Version 16
VisualStudioVersion = 16.0.30503.244
MinimumVisualStudioVersion = 10.0.40219.1
Project("{FAE04EC0-301F-11D3-BF4B-00C04F79EFBC}") = "Client_message", "Client_message\Client_message.csproj", "{B4B46A8E-9C27-40FB-A807-C1EB0BADDAAA}"
EndProject
Global
	GlobalSection(SolutionConfigurationPlatforms) = preSolution
		Debug|Any CPU = Debug|Any CPU
		Release|Any CPU = Release|Any CPU
	EndGlobalSection
	GlobalSection(ProjectConfigurationPlatforms) = postSolution
		{B4B46A8E-9C27-40FB-A807-C1EB0BADDAAA}.Debug|Any CPU.ActiveCfg = Debug|Any CPU
		{B4B46A8E-9C27-40FB-A807-C1EB0BADDAAA}.Debug|Any CPU.Build.0 = Debug|Any CPU
		{B4B46A8E-9C27-40FB-A807-C1EB0BADDAAA}.Release|Any CPU.ActiveCfg = Release|Any CPU
		{B4B46A8E-9C27-40FB-A807-C1EB0BADDAAA}.Release|Any CPU.Build.0 = Release|Any CPU
	EndGlobalSection
	GlobalSection(SolutionProperties) = preSolution
		HideSolutionNode = FALSE
	EndGlobalSection
	GlobalSection(ExtensibilityGlobals) = postSolution
		SolutionGuid = {E6520264-159D-49FD-8BDF-16516D60967E}
	EndGlobalSection
EndGlobal
